// !$*UTF8*$!
{
	archiveVersion = 1;
	classes = {
	};
	objectVersion = 56;
	objects = {

/* Begin PBXBuildFile section */
		57638DD72CEB46D700E1CB3B /* DocumentTableViewController.swift in Sources */ = {isa = PBXBuildFile; fileRef = 57638DD62CEB46D700E1CB3B /* DocumentTableViewController.swift */; };
		57638DD92CEB6DC200E1CB3B /* apple-logo.png in Resources */ = {isa = PBXBuildFile; fileRef = 57638DD82CEB6DC200E1CB3B /* apple-logo.png */; };
		57638DF82CEB6E2300E1CB3B /* ville.jpg in Resources */ = {isa = PBXBuildFile; fileRef = 57638DF22CEB6E1E00E1CB3B /* ville.jpg */; };
		57638DF92CEB6E2300E1CB3B /* ciel.jpg in Resources */ = {isa = PBXBuildFile; fileRef = 57638DF32CEB6E1F00E1CB3B /* ciel.jpg */; };
		57638DFA2CEB6E2300E1CB3B /* photo.jpg in Resources */ = {isa = PBXBuildFile; fileRef = 57638DF42CEB6E2000E1CB3B /* photo.jpg */; };
		57638DFB2CEB6E2300E1CB3B /* tete.jpg in Resources */ = {isa = PBXBuildFile; fileRef = 57638DF52CEB6E2100E1CB3B /* tete.jpg */; };
		57638DFC2CEB6E2300E1CB3B /* table.jpg in Resources */ = {isa = PBXBuildFile; fileRef = 57638DF62CEB6E2200E1CB3B /* table.jpg */; };
		57638DFD2CEB6E2300E1CB3B /* 2025.jpg in Resources */ = {isa = PBXBuildFile; fileRef = 57638DF72CEB6E2300E1CB3B /* 2025.jpg */; };
		57638DFF2CEB6E8700E1CB3B /* mclaren.jpg in Resources */ = {isa = PBXBuildFile; fileRef = 57638DFE2CEB6E8700E1CB3B /* mclaren.jpg */; };
		57638E012CEB7C9300E1CB3B /* DocumentViewController.swift in Sources */ = {isa = PBXBuildFile; fileRef = 57638E002CEB7C9300E1CB3B /* DocumentViewController.swift */; };
		57D75C8A2CEB3CD40034EA1F /* AppDelegate.swift in Sources */ = {isa = PBXBuildFile; fileRef = 57D75C892CEB3CD40034EA1F /* AppDelegate.swift */; };
		57D75C8C2CEB3CD40034EA1F /* SceneDelegate.swift in Sources */ = {isa = PBXBuildFile; fileRef = 57D75C8B2CEB3CD40034EA1F /* SceneDelegate.swift */; };
		57D75C8E2CEB3CD40034EA1F /* ViewController.swift in Sources */ = {isa = PBXBuildFile; fileRef = 57D75C8D2CEB3CD40034EA1F /* ViewController.swift */; };
		57D75C912CEB3CD50034EA1F /* Main.storyboard in Resources */ = {isa = PBXBuildFile; fileRef = 57D75C8F2CEB3CD50034EA1F /* Main.storyboard */; };
		57D75C932CEB3CD60034EA1F /* Assets.xcassets in Resources */ = {isa = PBXBuildFile; fileRef = 57D75C922CEB3CD60034EA1F /* Assets.xcassets */; };
		57D75C962CEB3CD60034EA1F /* LaunchScreen.storyboard in Resources */ = {isa = PBXBuildFile; fileRef = 57D75C942CEB3CD60034EA1F /* LaunchScreen.storyboard */; };
/* End PBXBuildFile section */

/* Begin PBXFileReference section */
		57638DD62CEB46D700E1CB3B /* DocumentTableViewController.swift */ = {isa = PBXFileReference; lastKnownFileType = sourcecode.swift; path = DocumentTableViewController.swift; sourceTree = "<group>"; };
		57638DD82CEB6DC200E1CB3B /* apple-logo.png */ = {isa = PBXFileReference; lastKnownFileType = image.png; path = "apple-logo.png"; sourceTree = "<group>"; };
		57638DF22CEB6E1E00E1CB3B /* ville.jpg */ = {isa = PBXFileReference; lastKnownFileType = image.jpeg; path = ville.jpg; sourceTree = "<group>"; };
		57638DF32CEB6E1F00E1CB3B /* ciel.jpg */ = {isa = PBXFileReference; lastKnownFileType = image.jpeg; path = ciel.jpg; sourceTree = "<group>"; };
		57638DF42CEB6E2000E1CB3B /* photo.jpg */ = {isa = PBXFileReference; lastKnownFileType = image.jpeg; path = photo.jpg; sourceTree = "<group>"; };
		57638DF52CEB6E2100E1CB3B /* tete.jpg */ = {isa = PBXFileReference; lastKnownFileType = image.jpeg; path = tete.jpg; sourceTree = "<group>"; };
		57638DF62CEB6E2200E1CB3B /* table.jpg */ = {isa = PBXFileReference; lastKnownFileType = image.jpeg; path = table.jpg; sourceTree = "<group>"; };
		57638DF72CEB6E2300E1CB3B /* 2025.jpg */ = {isa = PBXFileReference; lastKnownFileType = image.jpeg; path = 2025.jpg; sourceTree = "<group>"; };
		57638DFE2CEB6E8700E1CB3B /* mclaren.jpg */ = {isa = PBXFileReference; lastKnownFileType = image.jpeg; path = mclaren.jpg; sourceTree = "<group>"; };
		57638E002CEB7C9300E1CB3B /* DocumentViewController.swift */ = {isa = PBXFileReference; lastKnownFileType = sourcecode.swift; path = DocumentViewController.swift; sourceTree = "<group>"; };
		57D75C862CEB3CD40034EA1F /* Document App.app */ = {isa = PBXFileReference; explicitFileType = wrapper.application; includeInIndex = 0; path = "Document App.app"; sourceTree = BUILT_PRODUCTS_DIR; };
		57D75C892CEB3CD40034EA1F /* AppDelegate.swift */ = {isa = PBXFileReference; lastKnownFileType = sourcecode.swift; path = AppDelegate.swift; sourceTree = "<group>"; };
		57D75C8B2CEB3CD40034EA1F /* SceneDelegate.swift */ = {isa = PBXFileReference; lastKnownFileType = sourcecode.swift; path = SceneDelegate.swift; sourceTree = "<group>"; };
		57D75C8D2CEB3CD40034EA1F /* ViewController.swift */ = {isa = PBXFileReference; lastKnownFileType = sourcecode.swift; path = ViewController.swift; sourceTree = "<group>"; };
		57D75C902CEB3CD50034EA1F /* Base */ = {isa = PBXFileReference; lastKnownFileType = file.storyboard; name = Base; path = Base.lproj/Main.storyboard; sourceTree = "<group>"; };
		57D75C922CEB3CD60034EA1F /* Assets.xcassets */ = {isa = PBXFileReference; lastKnownFileType = folder.assetcatalog; path = Assets.xcassets; sourceTree = "<group>"; };
		57D75C952CEB3CD60034EA1F /* Base */ = {isa = PBXFileReference; lastKnownFileType = file.storyboard; name = Base; path = Base.lproj/LaunchScreen.storyboard; sourceTree = "<group>"; };
		57D75C972CEB3CD60034EA1F /* Info.plist */ = {isa = PBXFileReference; lastKnownFileType = text.plist.xml; path = Info.plist; sourceTree = "<group>"; };
		57D75C9E2CEB3DC00034EA1F /* Answers.md */ = {isa = PBXFileReference; lastKnownFileType = net.daringfireball.markdown; path = Answers.md; sourceTree = "<group>"; };
/* End PBXFileReference section */

/* Begin PBXFrameworksBuildPhase section */
		57D75C832CEB3CD40034EA1F /* Frameworks */ = {
			isa = PBXFrameworksBuildPhase;
			buildActionMask = 2147483647;
			files = (
			);
			runOnlyForDeploymentPostprocessing = 0;
		};
/* End PBXFrameworksBuildPhase section */

/* Begin PBXGroup section */
		57D75C7D2CEB3CD40034EA1F = {
			isa = PBXGroup;
			children = (
				57D75C882CEB3CD40034EA1F /* Document App */,
				57D75C872CEB3CD40034EA1F /* Products */,
			);
			sourceTree = "<group>";
		};
		57D75C872CEB3CD40034EA1F /* Products */ = {
			isa = PBXGroup;
			children = (
				57D75C862CEB3CD40034EA1F /* Document App.app */,
			);
			name = Products;
			sourceTree = "<group>";
		};
		57D75C882CEB3CD40034EA1F /* Document App */ = {
			isa = PBXGroup;
			children = (
				57638DFE2CEB6E8700E1CB3B /* mclaren.jpg */,
				57638DF52CEB6E2100E1CB3B /* tete.jpg */,
				57638DF72CEB6E2300E1CB3B /* 2025.jpg */,
				57638DF22CEB6E1E00E1CB3B /* ville.jpg */,
				57638DF62CEB6E2200E1CB3B /* table.jpg */,
				57638DF32CEB6E1F00E1CB3B /* ciel.jpg */,
				57638DF42CEB6E2000E1CB3B /* photo.jpg */,
				57638DD82CEB6DC200E1CB3B /* apple-logo.png */,
				57D75C892CEB3CD40034EA1F /* AppDelegate.swift */,
				57D75C8B2CEB3CD40034EA1F /* SceneDelegate.swift */,
				57D75C8D2CEB3CD40034EA1F /* ViewController.swift */,
				57D75C8F2CEB3CD50034EA1F /* Main.storyboard */,
				57638DD62CEB46D700E1CB3B /* DocumentTableViewController.swift */,
				57D75C922CEB3CD60034EA1F /* Assets.xcassets */,
				57D75C942CEB3CD60034EA1F /* LaunchScreen.storyboard */,
				57D75C972CEB3CD60034EA1F /* Info.plist */,
				57D75C9E2CEB3DC00034EA1F /* Answers.md */,
				57638E002CEB7C9300E1CB3B /* DocumentViewController.swift */,
			);
			path = "Document App";
			sourceTree = "<group>";
		};
/* End PBXGroup section */

/* Begin PBXNativeTarget section */
		57D75C852CEB3CD40034EA1F /* Document App */ = {
			isa = PBXNativeTarget;
			buildConfigurationList = 57D75C9A2CEB3CD60034EA1F /* Build configuration list for PBXNativeTarget "Document App" */;
			buildPhases = (
				57D75C822CEB3CD40034EA1F /* Sources */,
				57D75C832CEB3CD40034EA1F /* Frameworks */,
				57D75C842CEB3CD40034EA1F /* Resources */,
			);
			buildRules = (
			);
			dependencies = (
			);
			name = "Document App";
			productName = "Document App";
			productReference = 57D75C862CEB3CD40034EA1F /* Document App.app */;
			productType = "com.apple.product-type.application";
		};
/* End PBXNativeTarget section */

/* Begin PBXProject section */
		57D75C7E2CEB3CD40034EA1F /* Project object */ = {
			isa = PBXProject;
			attributes = {
				BuildIndependentTargetsInParallel = 1;
				LastSwiftUpdateCheck = 1500;
				LastUpgradeCheck = 1500;
				TargetAttributes = {
					57D75C852CEB3CD40034EA1F = {
						CreatedOnToolsVersion = 15.0.1;
					};
				};
			};
			buildConfigurationList = 57D75C812CEB3CD40034EA1F /* Build configuration list for PBXProject "Document App" */;
			compatibilityVersion = "Xcode 14.0";
			developmentRegion = en;
			hasScannedForEncodings = 0;
			knownRegions = (
				en,
				Base,
			);
			mainGroup = 57D75C7D2CEB3CD40034EA1F;
			productRefGroup = 57D75C872CEB3CD40034EA1F /* Products */;
			projectDirPath = "";
			projectRoot = "";
			targets = (
				57D75C852CEB3CD40034EA1F /* Document App */,
			);
		};
/* End PBXProject section */

/* Begin PBXResourcesBuildPhase section */
		57D75C842CEB3CD40034EA1F /* Resources */ = {
			isa = PBXResourcesBuildPhase;
			buildActionMask = 2147483647;
			files = (
				57D75C962CEB3CD60034EA1F /* LaunchScreen.storyboard in Resources */,
				57638DFB2CEB6E2300E1CB3B /* tete.jpg in Resources */,
				57D75C932CEB3CD60034EA1F /* Assets.xcassets in Resources */,
				57638DF92CEB6E2300E1CB3B /* ciel.jpg in Resources */,
				57638DFC2CEB6E2300E1CB3B /* table.jpg in Resources */,
				57638DFF2CEB6E8700E1CB3B /* mclaren.jpg in Resources */,
				57638DD92CEB6DC200E1CB3B /* apple-logo.png in Resources */,
				57638DF82CEB6E2300E1CB3B /* ville.jpg in Resources */,
				57638DFA2CEB6E2300E1CB3B /* photo.jpg in Resources */,
				57D75C912CEB3CD50034EA1F /* Main.storyboard in Resources */,
				57638DFD2CEB6E2300E1CB3B /* 2025.jpg in Resources */,
			);
			runOnlyForDeploymentPostprocessing = 0;
		};
/* End PBXResourcesBuildPhase section */

/* Begin PBXSourcesBuildPhase section */
		57D75C822CEB3CD40034EA1F /* Sources */ = {
			isa = PBXSourcesBuildPhase;
			buildActionMask = 2147483647;
			files = (
				57638E012CEB7C9300E1CB3B /* DocumentViewController.swift in Sources */,
				57D75C8E2CEB3CD40034EA1F /* ViewController.swift in Sources */,
				57D75C8A2CEB3CD40034EA1F /* AppDelegate.swift in Sources */,
				57638DD72CEB46D700E1CB3B /* DocumentTableViewController.swift in Sources */,
				57D75C8C2CEB3CD40034EA1F /* SceneDelegate.swift in Sources */,
			);
			runOnlyForDeploymentPostprocessing = 0;
		};
/* End PBXSourcesBuildPhase section */

/* Begin PBXVariantGroup section */
		57D75C8F2CEB3CD50034EA1F /* Main.storyboard */ = {
			isa = PBXVariantGroup;
			children = (
				57D75C902CEB3CD50034EA1F /* Base */,
			);
			name = Main.storyboard;
			sourceTree = "<group>";
		};
		57D75C942CEB3CD60034EA1F /* LaunchScreen.storyboard */ = {
			isa = PBXVariantGroup;
			children = (
				57D75C952CEB3CD60034EA1F /* Base */,
			);
			name = LaunchScreen.storyboard;
			sourceTree = "<group>";
		};
/* End PBXVariantGroup section */

/* Begin XCBuildConfiguration section */
		57D75C982CEB3CD60034EA1F /* Debug */ = {
			isa = XCBuildConfiguration;
			buildSettings = {
				ALWAYS_SEARCH_USER_PATHS = NO;
				ASSETCATALOG_COMPILER_GENERATE_SWIFT_ASSET_SYMBOL_EXTENSIONS = YES;
				CLANG_ANALYZER_NONNULL = YES;
				CLANG_ANALYZER_NUMBER_OBJECT_CONVERSION = YES_AGGRESSIVE;
				CLANG_CXX_LANGUAGE_STANDARD = "gnu++20";
				CLANG_ENABLE_MODULES = YES;
				CLANG_ENABLE_OBJC_ARC = YES;
				CLANG_ENABLE_OBJC_WEAK = YES;
				CLANG_WARN_BLOCK_CAPTURE_AUTORELEASING = YES;
				CLANG_WARN_BOOL_CONVERSION = YES;
				CLANG_WARN_COMMA = YES;
				CLANG_WARN_CONSTANT_CONVERSION = YES;
				CLANG_WARN_DEPRECATED_OBJC_IMPLEMENTATIONS = YES;
				CLANG_WARN_DIRECT_OBJC_ISA_USAGE = YES_ERROR;
				CLANG_WARN_DOCUMENTATION_COMMENTS = YES;
				CLANG_WARN_EMPTY_BODY = YES;
				CLANG_WARN_ENUM_CONVERSION = YES;
				CLANG_WARN_INFINITE_RECURSION = YES;
				CLANG_WARN_INT_CONVERSION = YES;
				CLANG_WARN_NON_LITERAL_NULL_CONVERSION = YES;
				CLANG_WARN_OBJC_IMPLICIT_RETAIN_SELF = YES;
				CLANG_WARN_OBJC_LITERAL_CONVERSION = YES;
				CLANG_WARN_OBJC_ROOT_CLASS = YES_ERROR;
				CLANG_WARN_QUOTED_INCLUDE_IN_FRAMEWORK_HEADER = YES;
				CLANG_WARN_RANGE_LOOP_ANALYSIS = YES;
				CLANG_WARN_STRICT_PROTOTYPES = YES;
				CLANG_WARN_SUSPICIOUS_MOVE = YES;
				CLANG_WARN_UNGUARDED_AVAILABILITY = YES_AGGRESSIVE;
				CLANG_WARN_UNREACHABLE_CODE = YES;
				CLANG_WARN__DUPLICATE_METHOD_MATCH = YES;
				COPY_PHASE_STRIP = NO;
				DEBUG_INFORMATION_FORMAT = dwarf;
				ENABLE_STRICT_OBJC_MSGSEND = YES;
				ENABLE_TESTABILITY = YES;
				ENABLE_USER_SCRIPT_SANDBOXING = YES;
				GCC_C_LANGUAGE_STANDARD = gnu17;
				GCC_DYNAMIC_NO_PIC = NO;
				GCC_NO_COMMON_BLOCKS = YES;
				GCC_OPTIMIZATION_LEVEL = 0;
				GCC_PREPROCESSOR_DEFINITIONS = (
					"DEBUG=1",
					"$(inherited)",
				);
				GCC_WARN_64_TO_32_BIT_CONVERSION = YES;
				GCC_WARN_ABOUT_RETURN_TYPE = YES_ERROR;
				GCC_WARN_UNDECLARED_SELECTOR = YES;
				GCC_WARN_UNINITIALIZED_AUTOS = YES_AGGRESSIVE;
				GCC_WARN_UNUSED_FUNCTION = YES;
				GCC_WARN_UNUSED_VARIABLE = YES;
				IPHONEOS_DEPLOYMENT_TARGET = 17.0;
				LOCALIZATION_PREFERS_STRING_CATALOGS = YES;
				MTL_ENABLE_DEBUG_INFO = INCLUDE_SOURCE;
				MTL_FAST_MATH = YES;
				ONLY_ACTIVE_ARCH = YES;
				SDKROOT = iphoneos;
				SWIFT_ACTIVE_COMPILATION_CONDITIONS = "DEBUG $(inherited)";
				SWIFT_OPTIMIZATION_LEVEL = "-Onone";
			};
			name = Debug;
		};
		57D75C992CEB3CD60034EA1F /* Release */ = {
			isa = XCBuildConfiguration;
			buildSettings = {
				ALWAYS_SEARCH_USER_PATHS = NO;
				ASSETCATALOG_COMPILER_GENERATE_SWIFT_ASSET_SYMBOL_EXTENSIONS = YES;
				CLANG_ANALYZER_NONNULL = YES;
				CLANG_ANALYZER_NUMBER_OBJECT_CONVERSION = YES_AGGRESSIVE;
				CLANG_CXX_LANGUAGE_STANDARD = "gnu++20";
				CLANG_ENABLE_MODULES = YES;
				CLANG_ENABLE_OBJC_ARC = YES;
				CLANG_ENABLE_OBJC_WEAK = YES;
				CLANG_WARN_BLOCK_CAPTURE_AUTORELEASING = YES;
				CLANG_WARN_BOOL_CONVERSION = YES;
				CLANG_WARN_COMMA = YES;
				CLANG_WARN_CONSTANT_CONVERSION = YES;
				CLANG_WARN_DEPRECATED_OBJC_IMPLEMENTATIONS = YES;
				CLANG_WARN_DIRECT_OBJC_ISA_USAGE = YES_ERROR;
				CLANG_WARN_DOCUMENTATION_COMMENTS = YES;
				CLANG_WARN_EMPTY_BODY = YES;
				CLANG_WARN_ENUM_CONVERSION = YES;
				CLANG_WARN_INFINITE_RECURSION = YES;
				CLANG_WARN_INT_CONVERSION = YES;
				CLANG_WARN_NON_LITERAL_NULL_CONVERSION = YES;
				CLANG_WARN_OBJC_IMPLICIT_RETAIN_SELF = YES;
				CLANG_WARN_OBJC_LITERAL_CONVERSION = YES;
				CLANG_WARN_OBJC_ROOT_CLASS = YES_ERROR;
				CLANG_WARN_QUOTED_INCLUDE_IN_FRAMEWORK_HEADER = YES;
				CLANG_WARN_RANGE_LOOP_ANALYSIS = YES;
				CLANG_WARN_STRICT_PROTOTYPES = YES;
				CLANG_WARN_SUSPICIOUS_MOVE = YES;
				CLANG_WARN_UNGUARDED_AVAILABILITY = YES_AGGRESSIVE;
				CLANG_WARN_UNREACHABLE_CODE = YES;
				CLANG_WARN__DUPLICATE_METHOD_MATCH = YES;
				COPY_PHASE_STRIP = NO;
				DEBUG_INFORMATION_FORMAT = "dwarf-with-dsym";
				ENABLE_NS_ASSERTIONS = NO;
				ENABLE_STRICT_OBJC_MSGSEND = YES;
				ENABLE_USER_SCRIPT_SANDBOXING = YES;
				GCC_C_LANGUAGE_STANDARD = gnu17;
				GCC_NO_COMMON_BLOCKS = YES;
				GCC_WARN_64_TO_32_BIT_CONVERSION = YES;
				GCC_WARN_ABOUT_RETURN_TYPE = YES_ERROR;
				GCC_WARN_UNDECLARED_SELECTOR = YES;
				GCC_WARN_UNINITIALIZED_AUTOS = YES_AGGRESSIVE;
				GCC_WARN_UNUSED_FUNCTION = YES;
				GCC_WARN_UNUSED_VARIABLE = YES;
				IPHONEOS_DEPLOYMENT_TARGET = 17.0;
				LOCALIZATION_PREFERS_STRING_CATALOGS = YES;
				MTL_ENABLE_DEBUG_INFO = NO;
				MTL_FAST_MATH = YES;
				SDKROOT = iphoneos;
				SWIFT_COMPILATION_MODE = wholemodule;
				VALIDATE_PRODUCT = YES;
			};
			name = Release;
		};
		57D75C9B2CEB3CD60034EA1F /* Debug */ = {
			isa = XCBuildConfiguration;
			buildSettings = {
				ASSETCATALOG_COMPILER_APPICON_NAME = AppIcon;
				ASSETCATALOG_COMPILER_GLOBAL_ACCENT_COLOR_NAME = AccentColor;
				CODE_SIGN_STYLE = Automatic;
				CURRENT_PROJECT_VERSION = 1;
				GENERATE_INFOPLIST_FILE = YES;
				INFOPLIST_FILE = "Document App/Info.plist";
				INFOPLIST_KEY_UIApplicationSupportsIndirectInputEvents = YES;
				INFOPLIST_KEY_UILaunchStoryboardName = LaunchScreen;
				INFOPLIST_KEY_UIMainStoryboardFile = Main;
				INFOPLIST_KEY_UISupportedInterfaceOrientations_iPad = "UIInterfaceOrientationPortrait UIInterfaceOrientationPortraitUpsideDown UIInterfaceOrientationLandscapeLeft UIInterfaceOrientationLandscapeRight";
				INFOPLIST_KEY_UISupportedInterfaceOrientations_iPhone = "UIInterfaceOrientationPortrait UIInterfaceOrientationLandscapeLeft UIInterfaceOrientationLandscapeRight";
				LD_RUNPATH_SEARCH_PATHS = (
					"$(inherited)",
					"@executable_path/Frameworks",
				);
				MARKETING_VERSION = 1.0;
				PRODUCT_BUNDLE_IDENTIFIER = "Ethan.Document-App";
				PRODUCT_NAME = "$(TARGET_NAME)";
				SWIFT_EMIT_LOC_STRINGS = YES;
				SWIFT_VERSION = 5.0;
				TARGETED_DEVICE_FAMILY = "1,2";
			};
			name = Debug;
		};
		57D75C9C2CEB3CD60034EA1F /* Release */ = {
			isa = XCBuildConfiguration;
			buildSettings = {
				ASSETCATALOG_COMPILER_APPICON_NAME = AppIcon;
				ASSETCATALOG_COMPILER_GLOBAL_ACCENT_COLOR_NAME = AccentColor;
				CODE_SIGN_STYLE = Automatic;
				CURRENT_PROJECT_VERSION = 1;
				GENERATE_INFOPLIST_FILE = YES;
				INFOPLIST_FILE = "Document App/Info.plist";
				INFOPLIST_KEY_UIApplicationSupportsIndirectInputEvents = YES;
				INFOPLIST_KEY_UILaunchStoryboardName = LaunchScreen;
				INFOPLIST_KEY_UIMainStoryboardFile = Main;
				INFOPLIST_KEY_UISupportedInterfaceOrientations_iPad = "UIInterfaceOrientationPortrait UIInterfaceOrientationPortraitUpsideDown UIInterfaceOrientationLandscapeLeft UIInterfaceOrientationLandscapeRight";
				INFOPLIST_KEY_UISupportedInterfaceOrientations_iPhone = "UIInterfaceOrientationPortrait UIInterfaceOrientationLandscapeLeft UIInterfaceOrientationLandscapeRight";
				LD_RUNPATH_SEARCH_PATHS = (
					"$(inherited)",
					"@executable_path/Frameworks",
				);
				MARKETING_VERSION = 1.0;
				PRODUCT_BUNDLE_IDENTIFIER = "Ethan.Document-App";
				PRODUCT_NAME = "$(TARGET_NAME)";
				SWIFT_EMIT_LOC_STRINGS = YES;
				SWIFT_VERSION = 5.0;
				TARGETED_DEVICE_FAMILY = "1,2";
			};
			name = Release;
		};
/* End XCBuildConfiguration section */

/* Begin XCConfigurationList section */
		57D75C812CEB3CD40034EA1F /* Build configuration list for PBXProject "Document App" */ = {
			isa = XCConfigurationList;
			buildConfigurations = (
				57D75C982CEB3CD60034EA1F /* Debug */,
				57D75C992CEB3CD60034EA1F /* Release */,
			);
			defaultConfigurationIsVisible = 0;
			defaultConfigurationName = Release;
		};
		57D75C9A2CEB3CD60034EA1F /* Build configuration list for PBXNativeTarget "Document App" */ = {
			isa = XCConfigurationList;
			buildConfigurations = (
				57D75C9B2CEB3CD60034EA1F /* Debug */,
				57D75C9C2CEB3CD60034EA1F /* Release */,
			);
			defaultConfigurationIsVisible = 0;
			defaultConfigurationName = Release;
		};
/* End XCConfigurationList section */
	};
	rootObject = 57D75C7E2CEB3CD40034EA1F /* Project object */;
}
